
Microsoft Visual Studio Solution File, Format Version 12.00
# Visual Studio 15
VisualStudioVersion = 15.0.27428.2005
MinimumVisualStudioVersion = 10.0.40219.1
Project("{8BC9CEB8-8B4A-11D0-8D11-00A0C91BC942}") = "Find your password", "Find your password\Find your password.vcxproj", "{39549E73-5AC1-48FA-98A4-2A7806756F2D}"
EndProject
Global
	GlobalSection(SolutionConfigurationPlatforms) = preSolution
		Debug|x64 = Debug|x64
		Debug|x86 = Debug|x86
		Release|x64 = Release|x64
		Release|x86 = Release|x86
	EndGlobalSection
	GlobalSection(ProjectConfigurationPlatforms) = postSolution
		{39549E73-5AC1-48FA-98A4-2A7806756F2D}.Debug|x64.ActiveCfg = Debug|x64
		{39549E73-5AC1-48FA-98A4-2A7806756F2D}.Debug|x64.Build.0 = Debug|x64
		{39549E73-5AC1-48FA-98A4-2A7806756F2D}.Debug|x86.ActiveCfg = Debug|Win32
		{39549E73-5AC1-48FA-98A4-2A7806756F2D}.Debug|x86.Build.0 = Debug|Win32
		{39549E73-5AC1-48FA-98A4-2A7806756F2D}.Release|x64.ActiveCfg = Release|x64
		{39549E73-5AC1-48FA-98A4-2A7806756F2D}.Release|x64.Build.0 = Release|x64
		{39549E73-5AC1-48FA-98A4-2A7806756F2D}.Release|x86.ActiveCfg = Release|Win32
		{39549E73-5AC1-48FA-98A4-2A7806756F2D}.Release|x86.Build.0 = Release|Win32
	EndGlobalSection
	GlobalSection(SolutionProperties) = preSolution
		HideSolutionNode = FALSE
	EndGlobalSection
	GlobalSection(ExtensibilityGlobals) = postSolution
		SolutionGuid = {A8022847-CD7B-478A-B5A2-55EFA41FFDB5}
	EndGlobalSection
EndGlobal
